
Microsoft Visual Studio Solution File, Format Version 12.00
# Visual Studio 15
VisualStudioVersion = 15.0.28307.757
MinimumVisualStudioVersion = 10.0.40219.1
Project("{FAE04EC0-301F-11D3-BF4B-00C04F79EFBC}") = "EFQuick", "EFQuick\EFQuick.csproj", "{D79EA5A2-8000-4121-AF09-928A56F821CC}"
EndProject
Global
	GlobalSection(SolutionConfigurationPlatforms) = preSolution
		Debug|Any CPU = Debug|Any CPU
		Release|Any CPU = Release|Any CPU
	EndGlobalSection
	GlobalSection(ProjectConfigurationPlatforms) = postSolution
		{D79EA5A2-8000-4121-AF09-928A56F821CC}.Debug|Any CPU.ActiveCfg = Debug|Any CPU
		{D79EA5A2-8000-4121-AF09-928A56F821CC}.Debug|Any CPU.Build.0 = Debug|Any CPU
		{D79EA5A2-8000-4121-AF09-928A56F821CC}.Release|Any CPU.ActiveCfg = Release|Any CPU
		{D79EA5A2-8000-4121-AF09-928A56F821CC}.Release|Any CPU.Build.0 = Release|Any CPU
	EndGlobalSection
	GlobalSection(SolutionProperties) = preSolution
		HideSolutionNode = FALSE
	EndGlobalSection
	GlobalSection(ExtensibilityGlobals) = postSolution
		SolutionGuid = {75349C9F-3141-4DCD-8C9E-0370BA09BE99}
	EndGlobalSection
EndGlobal
